
Microsoft Visual Studio Solution File, Format Version 12.00
# Visual Studio Version 17
VisualStudioVersion = 17.13.35919.96
MinimumVisualStudioVersion = 10.0.40219.1
Project("{FAE04EC0-301F-11D3-BF4B-00C04F79EFBC}") = "입출력", "입출력\입출력.csproj", "{A8855C15-262F-4EDB-8C16-35BEAAD0146F}"
EndProject
Project("{FAE04EC0-301F-11D3-BF4B-00C04F79EFBC}") = "조건문", "조건문\조건문.csproj", "{B7C958D0-A0F5-4888-8FCE-27F762A033EE}"
EndProject
Project("{FAE04EC0-301F-11D3-BF4B-00C04F79EFBC}") = "반복문", "반복문\반복문.csproj", "{EED77A9B-642A-4BF2-893E-197AE6D86F42}"
EndProject
Project("{FAE04EC0-301F-11D3-BF4B-00C04F79EFBC}") = "클래스", "클래스\클래스.csproj", "{BC4CC9E4-9281-4FB7-9AF2-A8B000FF7F6D}"
EndProject
Project("{2150E333-8FDC-42A3-9474-1A3956D46DE8}") = "Task", "Task", "{C8D5274F-AC00-46C7-1F8D-E88E81087A52}"
	ProjectSection(SolutionItems) = preProject
		Readme.txt = Readme.txt
	EndProjectSection
EndProject
Project("{2150E333-8FDC-42A3-9474-1A3956D46DE8}") = "Class_organize", "Class_organize", "{BD5680B5-A680-46E2-8DCD-A4B52BF64FA4}"
EndProject
Project("{2150E333-8FDC-42A3-9474-1A3956D46DE8}") = "Class", "Class", "{612BE116-7FAB-45CC-802A-6C98ADD4C23C}"
EndProject
Project("{FAE04EC0-301F-11D3-BF4B-00C04F79EFBC}") = "ex6-27", "ex6-27\ex6-27.csproj", "{DBC711C3-19E8-3450-420E-744356B674D7}"
EndProject
Project("{FAE04EC0-301F-11D3-BF4B-00C04F79EFBC}") = "ex6-29", "ex6-29\ex6-29.csproj", "{D2F8710A-06E5-1168-22AF-D1F56506A3C9}"
EndProject
Global
	GlobalSection(SolutionConfigurationPlatforms) = preSolution
		Debug|Any CPU = Debug|Any CPU
		Release|Any CPU = Release|Any CPU
	EndGlobalSection
	GlobalSection(ProjectConfigurationPlatforms) = postSolution
		{A8855C15-262F-4EDB-8C16-35BEAAD0146F}.Debug|Any CPU.ActiveCfg = Debug|Any CPU
		{A8855C15-262F-4EDB-8C16-35BEAAD0146F}.Debug|Any CPU.Build.0 = Debug|Any CPU
		{A8855C15-262F-4EDB-8C16-35BEAAD0146F}.Release|Any CPU.ActiveCfg = Release|Any CPU
		{A8855C15-262F-4EDB-8C16-35BEAAD0146F}.Release|Any CPU.Build.0 = Release|Any CPU
		{B7C958D0-A0F5-4888-8FCE-27F762A033EE}.Debug|Any CPU.ActiveCfg = Debug|Any CPU
		{B7C958D0-A0F5-4888-8FCE-27F762A033EE}.Debug|Any CPU.Build.0 = Debug|Any CPU
		{B7C958D0-A0F5-4888-8FCE-27F762A033EE}.Release|Any CPU.ActiveCfg = Release|Any CPU
		{B7C958D0-A0F5-4888-8FCE-27F762A033EE}.Release|Any CPU.Build.0 = Release|Any CPU
		{EED77A9B-642A-4BF2-893E-197AE6D86F42}.Debug|Any CPU.ActiveCfg = Debug|Any CPU
		{EED77A9B-642A-4BF2-893E-197AE6D86F42}.Debug|Any CPU.Build.0 = Debug|Any CPU
		{EED77A9B-642A-4BF2-893E-197AE6D86F42}.Release|Any CPU.ActiveCfg = Release|Any CPU
		{EED77A9B-642A-4BF2-893E-197AE6D86F42}.Release|Any CPU.Build.0 = Release|Any CPU
		{BC4CC9E4-9281-4FB7-9AF2-A8B000FF7F6D}.Debug|Any CPU.ActiveCfg = Debug|Any CPU
		{BC4CC9E4-9281-4FB7-9AF2-A8B000FF7F6D}.Debug|Any CPU.Build.0 = Debug|Any CPU
		{BC4CC9E4-9281-4FB7-9AF2-A8B000FF7F6D}.Release|Any CPU.ActiveCfg = Release|Any CPU
		{BC4CC9E4-9281-4FB7-9AF2-A8B000FF7F6D}.Release|Any CPU.Build.0 = Release|Any CPU
		{DBC711C3-19E8-3450-420E-744356B674D7}.Debug|Any CPU.ActiveCfg = Debug|Any CPU
		{DBC711C3-19E8-3450-420E-744356B674D7}.Debug|Any CPU.Build.0 = Debug|Any CPU
		{DBC711C3-19E8-3450-420E-744356B674D7}.Release|Any CPU.ActiveCfg = Release|Any CPU
		{DBC711C3-19E8-3450-420E-744356B674D7}.Release|Any CPU.Build.0 = Release|Any CPU
		{D2F8710A-06E5-1168-22AF-D1F56506A3C9}.Debug|Any CPU.ActiveCfg = Debug|Any CPU
		{D2F8710A-06E5-1168-22AF-D1F56506A3C9}.Debug|Any CPU.Build.0 = Debug|Any CPU
		{D2F8710A-06E5-1168-22AF-D1F56506A3C9}.Release|Any CPU.ActiveCfg = Release|Any CPU
		{D2F8710A-06E5-1168-22AF-D1F56506A3C9}.Release|Any CPU.Build.0 = Release|Any CPU
	EndGlobalSection
	GlobalSection(SolutionProperties) = preSolution
		HideSolutionNode = FALSE
	EndGlobalSection
	GlobalSection(NestedProjects) = preSolution
		{A8855C15-262F-4EDB-8C16-35BEAAD0146F} = {BD5680B5-A680-46E2-8DCD-A4B52BF64FA4}
		{B7C958D0-A0F5-4888-8FCE-27F762A033EE} = {BD5680B5-A680-46E2-8DCD-A4B52BF64FA4}
		{EED77A9B-642A-4BF2-893E-197AE6D86F42} = {BD5680B5-A680-46E2-8DCD-A4B52BF64FA4}
		{BC4CC9E4-9281-4FB7-9AF2-A8B000FF7F6D} = {BD5680B5-A680-46E2-8DCD-A4B52BF64FA4}
		{DBC711C3-19E8-3450-420E-744356B674D7} = {612BE116-7FAB-45CC-802A-6C98ADD4C23C}
		{D2F8710A-06E5-1168-22AF-D1F56506A3C9} = {612BE116-7FAB-45CC-802A-6C98ADD4C23C}
	EndGlobalSection
	GlobalSection(ExtensibilityGlobals) = postSolution
		SolutionGuid = {23109621-CC4F-4794-950C-8696D0F578D9}
	EndGlobalSection
EndGlobal
