
Microsoft Visual Studio Solution File, Format Version 12.00
# Visual Studio Version 17
VisualStudioVersion = 17.13.35919.96
MinimumVisualStudioVersion = 10.0.40219.1
Project("{FAE04EC0-301F-11D3-BF4B-00C04F79EFBC}") = "입출력", "입출력\입출력.csproj", "{A8855C15-262F-4EDB-8C16-35BEAAD0146F}"
EndProject
Project("{FAE04EC0-301F-11D3-BF4B-00C04F79EFBC}") = "조건문", "조건문\조건문.csproj", "{B7C958D0-A0F5-4888-8FCE-27F762A033EE}"
EndProject
Project("{FAE04EC0-301F-11D3-BF4B-00C04F79EFBC}") = "반복문", "반복문\반복문.csproj", "{EED77A9B-642A-4BF2-893E-197AE6D86F42}"
EndProject
Project("{FAE04EC0-301F-11D3-BF4B-00C04F79EFBC}") = "클래스", "클래스\클래스.csproj", "{BC4CC9E4-9281-4FB7-9AF2-A8B000FF7F6D}"
EndProject
Project("{2150E333-8FDC-42A3-9474-1A3956D46DE8}") = "Task", "Task", "{C8D5274F-AC00-46C7-1F8D-E88E81087A52}"
	ProjectSection(SolutionItems) = preProject
		Readme.txt = Readme.txt
	EndProjectSection
EndProject
Project("{2150E333-8FDC-42A3-9474-1A3956D46DE8}") = "Class_organize", "Class_organize", "{BD5680B5-A680-46E2-8DCD-A4B52BF64FA4}"
EndProject
Project("{2150E333-8FDC-42A3-9474-1A3956D46DE8}") = "Class", "Class", "{612BE116-7FAB-45CC-802A-6C98ADD4C23C}"
EndProject
Project("{FAE04EC0-301F-11D3-BF4B-00C04F79EFBC}") = "ex6-27", "ex6-27\ex6-27.csproj", "{DBC711C3-19E8-3450-420E-744356B674D7}"
EndProject
Project("{FAE04EC0-301F-11D3-BF4B-00C04F79EFBC}") = "ex6-29", "ex6-29\ex6-29.csproj", "{D2F8710A-06E5-1168-22AF-D1F56506A3C9}"
EndProject
Project("{FAE04EC0-301F-11D3-BF4B-00C04F79EFBC}") = "ex6-30", "ex6-30\ex6-30.csproj", "{F1855CCF-F35E-4819-9DFE-D3451F3B568B}"
EndProject
Project("{FAE04EC0-301F-11D3-BF4B-00C04F79EFBC}") = "ex6-32", "ex6-32\ex6-32.csproj", "{90996683-3A41-4222-957D-7780C265985F}"
EndProject
Project("{FAE04EC0-301F-11D3-BF4B-00C04F79EFBC}") = "ex6-36", "ex6-36\ex6-36.csproj", "{470EB285-D029-440C-B99A-768A9CC2741F}"
EndProject
Project("{FAE04EC0-301F-11D3-BF4B-00C04F79EFBC}") = "ex6-38", "ex6-38\ex6-38.csproj", "{F3FFE017-D7EC-4AB9-A83B-8E289ECD7F33}"
EndProject
Project("{FAE04EC0-301F-11D3-BF4B-00C04F79EFBC}") = "CS0314", "CS0314\CS0314\CS0314.csproj", "{D639A2E1-8268-3F64-07BE-69E9DBB6C8F6}"
EndProject
Project("{FAE04EC0-301F-11D3-BF4B-00C04F79EFBC}") = "CS0328", "CS0328\CS0328_task\CS0328.csproj", "{A7145404-6E65-B6EB-E05A-9E6B264E6237}"
EndProject
Project("{FAE04EC0-301F-11D3-BF4B-00C04F79EFBC}") = "CS0411", "CS0411\CS0411\CS0411.csproj", "{8ADC3B57-C132-E9AF-6233-D5C4C19AA65C}"
EndProject
Project("{FAE04EC0-301F-11D3-BF4B-00C04F79EFBC}") = "CS0418", "CS0418\CS0418\CS0418.csproj", "{3C05C50D-C402-9A9E-D99B-39080853C3A4}"
EndProject
Project("{2150E333-8FDC-42A3-9474-1A3956D46DE8}") = "Test", "Test", "{A9A6C5FC-1DBB-4BC0-A8B2-EBB7CAC100E7}"
EndProject
Project("{FAE04EC0-301F-11D3-BF4B-00C04F79EFBC}") = "Task1", "Task1\Task1.csproj", "{087BF7C4-8FAD-41A4-B5E5-1515EA261546}"
EndProject
Project("{FAE04EC0-301F-11D3-BF4B-00C04F79EFBC}") = "Task2", "Task2\Task2.csproj", "{36FAA9A7-6AB5-4179-AB66-FA04DE5C6BA4}"
EndProject
Project("{FAE04EC0-301F-11D3-BF4B-00C04F79EFBC}") = "Task3", "Task3\Task3.csproj", "{BA9049B2-769A-4C6D-9960-317C38523A51}"
EndProject
Project("{FAE04EC0-301F-11D3-BF4B-00C04F79EFBC}") = "Task4", "Task4\Task4.csproj", "{3E8A67B6-4D6F-4956-9466-BDD61530C52C}"
EndProject
Project("{FAE04EC0-301F-11D3-BF4B-00C04F79EFBC}") = "Task5", "Task5\Task5.csproj", "{D96D9528-5902-47F8-80D8-70D2E787D899}"
EndProject
Global
	GlobalSection(SolutionConfigurationPlatforms) = preSolution
		Debug|Any CPU = Debug|Any CPU
		Release|Any CPU = Release|Any CPU
	EndGlobalSection
	GlobalSection(ProjectConfigurationPlatforms) = postSolution
		{A8855C15-262F-4EDB-8C16-35BEAAD0146F}.Debug|Any CPU.ActiveCfg = Debug|Any CPU
		{A8855C15-262F-4EDB-8C16-35BEAAD0146F}.Debug|Any CPU.Build.0 = Debug|Any CPU
		{A8855C15-262F-4EDB-8C16-35BEAAD0146F}.Release|Any CPU.ActiveCfg = Release|Any CPU
		{A8855C15-262F-4EDB-8C16-35BEAAD0146F}.Release|Any CPU.Build.0 = Release|Any CPU
		{B7C958D0-A0F5-4888-8FCE-27F762A033EE}.Debug|Any CPU.ActiveCfg = Debug|Any CPU
		{B7C958D0-A0F5-4888-8FCE-27F762A033EE}.Debug|Any CPU.Build.0 = Debug|Any CPU
		{B7C958D0-A0F5-4888-8FCE-27F762A033EE}.Release|Any CPU.ActiveCfg = Release|Any CPU
		{B7C958D0-A0F5-4888-8FCE-27F762A033EE}.Release|Any CPU.Build.0 = Release|Any CPU
		{EED77A9B-642A-4BF2-893E-197AE6D86F42}.Debug|Any CPU.ActiveCfg = Debug|Any CPU
		{EED77A9B-642A-4BF2-893E-197AE6D86F42}.Debug|Any CPU.Build.0 = Debug|Any CPU
		{EED77A9B-642A-4BF2-893E-197AE6D86F42}.Release|Any CPU.ActiveCfg = Release|Any CPU
		{EED77A9B-642A-4BF2-893E-197AE6D86F42}.Release|Any CPU.Build.0 = Release|Any CPU
		{BC4CC9E4-9281-4FB7-9AF2-A8B000FF7F6D}.Debug|Any CPU.ActiveCfg = Debug|Any CPU
		{BC4CC9E4-9281-4FB7-9AF2-A8B000FF7F6D}.Debug|Any CPU.Build.0 = Debug|Any CPU
		{BC4CC9E4-9281-4FB7-9AF2-A8B000FF7F6D}.Release|Any CPU.ActiveCfg = Release|Any CPU
		{BC4CC9E4-9281-4FB7-9AF2-A8B000FF7F6D}.Release|Any CPU.Build.0 = Release|Any CPU
		{DBC711C3-19E8-3450-420E-744356B674D7}.Debug|Any CPU.ActiveCfg = Debug|Any CPU
		{DBC711C3-19E8-3450-420E-744356B674D7}.Debug|Any CPU.Build.0 = Debug|Any CPU
		{DBC711C3-19E8-3450-420E-744356B674D7}.Release|Any CPU.ActiveCfg = Release|Any CPU
		{DBC711C3-19E8-3450-420E-744356B674D7}.Release|Any CPU.Build.0 = Release|Any CPU
		{D2F8710A-06E5-1168-22AF-D1F56506A3C9}.Debug|Any CPU.ActiveCfg = Debug|Any CPU
		{D2F8710A-06E5-1168-22AF-D1F56506A3C9}.Debug|Any CPU.Build.0 = Debug|Any CPU
		{D2F8710A-06E5-1168-22AF-D1F56506A3C9}.Release|Any CPU.ActiveCfg = Release|Any CPU
		{D2F8710A-06E5-1168-22AF-D1F56506A3C9}.Release|Any CPU.Build.0 = Release|Any CPU
		{F1855CCF-F35E-4819-9DFE-D3451F3B568B}.Debug|Any CPU.ActiveCfg = Debug|Any CPU
		{F1855CCF-F35E-4819-9DFE-D3451F3B568B}.Debug|Any CPU.Build.0 = Debug|Any CPU
		{F1855CCF-F35E-4819-9DFE-D3451F3B568B}.Release|Any CPU.ActiveCfg = Release|Any CPU
		{F1855CCF-F35E-4819-9DFE-D3451F3B568B}.Release|Any CPU.Build.0 = Release|Any CPU
		{90996683-3A41-4222-957D-7780C265985F}.Debug|Any CPU.ActiveCfg = Debug|Any CPU
		{90996683-3A41-4222-957D-7780C265985F}.Debug|Any CPU.Build.0 = Debug|Any CPU
		{90996683-3A41-4222-957D-7780C265985F}.Release|Any CPU.ActiveCfg = Release|Any CPU
		{90996683-3A41-4222-957D-7780C265985F}.Release|Any CPU.Build.0 = Release|Any CPU
		{470EB285-D029-440C-B99A-768A9CC2741F}.Debug|Any CPU.ActiveCfg = Debug|Any CPU
		{470EB285-D029-440C-B99A-768A9CC2741F}.Debug|Any CPU.Build.0 = Debug|Any CPU
		{470EB285-D029-440C-B99A-768A9CC2741F}.Release|Any CPU.ActiveCfg = Release|Any CPU
		{470EB285-D029-440C-B99A-768A9CC2741F}.Release|Any CPU.Build.0 = Release|Any CPU
		{F3FFE017-D7EC-4AB9-A83B-8E289ECD7F33}.Debug|Any CPU.ActiveCfg = Debug|Any CPU
		{F3FFE017-D7EC-4AB9-A83B-8E289ECD7F33}.Debug|Any CPU.Build.0 = Debug|Any CPU
		{F3FFE017-D7EC-4AB9-A83B-8E289ECD7F33}.Release|Any CPU.ActiveCfg = Release|Any CPU
		{F3FFE017-D7EC-4AB9-A83B-8E289ECD7F33}.Release|Any CPU.Build.0 = Release|Any CPU
		{D639A2E1-8268-3F64-07BE-69E9DBB6C8F6}.Debug|Any CPU.ActiveCfg = Debug|Any CPU
		{D639A2E1-8268-3F64-07BE-69E9DBB6C8F6}.Debug|Any CPU.Build.0 = Debug|Any CPU
		{D639A2E1-8268-3F64-07BE-69E9DBB6C8F6}.Release|Any CPU.ActiveCfg = Release|Any CPU
		{D639A2E1-8268-3F64-07BE-69E9DBB6C8F6}.Release|Any CPU.Build.0 = Release|Any CPU
		{A7145404-6E65-B6EB-E05A-9E6B264E6237}.Debug|Any CPU.ActiveCfg = Debug|Any CPU
		{A7145404-6E65-B6EB-E05A-9E6B264E6237}.Debug|Any CPU.Build.0 = Debug|Any CPU
		{A7145404-6E65-B6EB-E05A-9E6B264E6237}.Release|Any CPU.ActiveCfg = Release|Any CPU
		{A7145404-6E65-B6EB-E05A-9E6B264E6237}.Release|Any CPU.Build.0 = Release|Any CPU
		{8ADC3B57-C132-E9AF-6233-D5C4C19AA65C}.Debug|Any CPU.ActiveCfg = Debug|Any CPU
		{8ADC3B57-C132-E9AF-6233-D5C4C19AA65C}.Debug|Any CPU.Build.0 = Debug|Any CPU
		{8ADC3B57-C132-E9AF-6233-D5C4C19AA65C}.Release|Any CPU.ActiveCfg = Release|Any CPU
		{8ADC3B57-C132-E9AF-6233-D5C4C19AA65C}.Release|Any CPU.Build.0 = Release|Any CPU
		{3C05C50D-C402-9A9E-D99B-39080853C3A4}.Debug|Any CPU.ActiveCfg = Debug|Any CPU
		{3C05C50D-C402-9A9E-D99B-39080853C3A4}.Debug|Any CPU.Build.0 = Debug|Any CPU
		{3C05C50D-C402-9A9E-D99B-39080853C3A4}.Release|Any CPU.ActiveCfg = Release|Any CPU
		{3C05C50D-C402-9A9E-D99B-39080853C3A4}.Release|Any CPU.Build.0 = Release|Any CPU
		{087BF7C4-8FAD-41A4-B5E5-1515EA261546}.Debug|Any CPU.ActiveCfg = Debug|Any CPU
		{087BF7C4-8FAD-41A4-B5E5-1515EA261546}.Debug|Any CPU.Build.0 = Debug|Any CPU
		{087BF7C4-8FAD-41A4-B5E5-1515EA261546}.Release|Any CPU.ActiveCfg = Release|Any CPU
		{087BF7C4-8FAD-41A4-B5E5-1515EA261546}.Release|Any CPU.Build.0 = Release|Any CPU
		{36FAA9A7-6AB5-4179-AB66-FA04DE5C6BA4}.Debug|Any CPU.ActiveCfg = Debug|Any CPU
		{36FAA9A7-6AB5-4179-AB66-FA04DE5C6BA4}.Debug|Any CPU.Build.0 = Debug|Any CPU
		{36FAA9A7-6AB5-4179-AB66-FA04DE5C6BA4}.Release|Any CPU.ActiveCfg = Release|Any CPU
		{36FAA9A7-6AB5-4179-AB66-FA04DE5C6BA4}.Release|Any CPU.Build.0 = Release|Any CPU
		{BA9049B2-769A-4C6D-9960-317C38523A51}.Debug|Any CPU.ActiveCfg = Debug|Any CPU
		{BA9049B2-769A-4C6D-9960-317C38523A51}.Debug|Any CPU.Build.0 = Debug|Any CPU
		{BA9049B2-769A-4C6D-9960-317C38523A51}.Release|Any CPU.ActiveCfg = Release|Any CPU
		{BA9049B2-769A-4C6D-9960-317C38523A51}.Release|Any CPU.Build.0 = Release|Any CPU
		{3E8A67B6-4D6F-4956-9466-BDD61530C52C}.Debug|Any CPU.ActiveCfg = Debug|Any CPU
		{3E8A67B6-4D6F-4956-9466-BDD61530C52C}.Debug|Any CPU.Build.0 = Debug|Any CPU
		{3E8A67B6-4D6F-4956-9466-BDD61530C52C}.Release|Any CPU.ActiveCfg = Release|Any CPU
		{3E8A67B6-4D6F-4956-9466-BDD61530C52C}.Release|Any CPU.Build.0 = Release|Any CPU
		{D96D9528-5902-47F8-80D8-70D2E787D899}.Debug|Any CPU.ActiveCfg = Debug|Any CPU
		{D96D9528-5902-47F8-80D8-70D2E787D899}.Debug|Any CPU.Build.0 = Debug|Any CPU
		{D96D9528-5902-47F8-80D8-70D2E787D899}.Release|Any CPU.ActiveCfg = Release|Any CPU
		{D96D9528-5902-47F8-80D8-70D2E787D899}.Release|Any CPU.Build.0 = Release|Any CPU
	EndGlobalSection
	GlobalSection(SolutionProperties) = preSolution
		HideSolutionNode = FALSE
	EndGlobalSection
	GlobalSection(NestedProjects) = preSolution
		{A8855C15-262F-4EDB-8C16-35BEAAD0146F} = {BD5680B5-A680-46E2-8DCD-A4B52BF64FA4}
		{B7C958D0-A0F5-4888-8FCE-27F762A033EE} = {BD5680B5-A680-46E2-8DCD-A4B52BF64FA4}
		{EED77A9B-642A-4BF2-893E-197AE6D86F42} = {BD5680B5-A680-46E2-8DCD-A4B52BF64FA4}
		{BC4CC9E4-9281-4FB7-9AF2-A8B000FF7F6D} = {BD5680B5-A680-46E2-8DCD-A4B52BF64FA4}
		{DBC711C3-19E8-3450-420E-744356B674D7} = {612BE116-7FAB-45CC-802A-6C98ADD4C23C}
		{D2F8710A-06E5-1168-22AF-D1F56506A3C9} = {612BE116-7FAB-45CC-802A-6C98ADD4C23C}
		{F1855CCF-F35E-4819-9DFE-D3451F3B568B} = {612BE116-7FAB-45CC-802A-6C98ADD4C23C}
		{90996683-3A41-4222-957D-7780C265985F} = {612BE116-7FAB-45CC-802A-6C98ADD4C23C}
		{470EB285-D029-440C-B99A-768A9CC2741F} = {612BE116-7FAB-45CC-802A-6C98ADD4C23C}
		{F3FFE017-D7EC-4AB9-A83B-8E289ECD7F33} = {612BE116-7FAB-45CC-802A-6C98ADD4C23C}
		{D639A2E1-8268-3F64-07BE-69E9DBB6C8F6} = {C8D5274F-AC00-46C7-1F8D-E88E81087A52}
		{A7145404-6E65-B6EB-E05A-9E6B264E6237} = {C8D5274F-AC00-46C7-1F8D-E88E81087A52}
		{8ADC3B57-C132-E9AF-6233-D5C4C19AA65C} = {C8D5274F-AC00-46C7-1F8D-E88E81087A52}
		{3C05C50D-C402-9A9E-D99B-39080853C3A4} = {C8D5274F-AC00-46C7-1F8D-E88E81087A52}
		{087BF7C4-8FAD-41A4-B5E5-1515EA261546} = {A9A6C5FC-1DBB-4BC0-A8B2-EBB7CAC100E7}
		{36FAA9A7-6AB5-4179-AB66-FA04DE5C6BA4} = {A9A6C5FC-1DBB-4BC0-A8B2-EBB7CAC100E7}
		{BA9049B2-769A-4C6D-9960-317C38523A51} = {A9A6C5FC-1DBB-4BC0-A8B2-EBB7CAC100E7}
		{3E8A67B6-4D6F-4956-9466-BDD61530C52C} = {A9A6C5FC-1DBB-4BC0-A8B2-EBB7CAC100E7}
		{D96D9528-5902-47F8-80D8-70D2E787D899} = {A9A6C5FC-1DBB-4BC0-A8B2-EBB7CAC100E7}
	EndGlobalSection
	GlobalSection(ExtensibilityGlobals) = postSolution
		SolutionGuid = {23109621-CC4F-4794-950C-8696D0F578D9}
	EndGlobalSection
EndGlobal
