
Microsoft Visual Studio Solution File, Format Version 12.00
# Visual Studio Version 17
VisualStudioVersion = 17.13.35825.156 d17.13
MinimumVisualStudioVersion = 10.0.40219.1
Project("{FAE04EC0-301F-11D3-BF4B-00C04F79EFBC}") = "CS0328_task", "CS0328_task\CS0328_task.csproj", "{2D53D6FB-DA4C-4207-8C41-E36720516330}"
EndProject
Global
	GlobalSection(SolutionConfigurationPlatforms) = preSolution
		Debug|Any CPU = Debug|Any CPU
		Release|Any CPU = Release|Any CPU
	EndGlobalSection
	GlobalSection(ProjectConfigurationPlatforms) = postSolution
		{2D53D6FB-DA4C-4207-8C41-E36720516330}.Debug|Any CPU.ActiveCfg = Debug|Any CPU
		{2D53D6FB-DA4C-4207-8C41-E36720516330}.Debug|Any CPU.Build.0 = Debug|Any CPU
		{2D53D6FB-DA4C-4207-8C41-E36720516330}.Release|Any CPU.ActiveCfg = Release|Any CPU
		{2D53D6FB-DA4C-4207-8C41-E36720516330}.Release|Any CPU.Build.0 = Release|Any CPU
	EndGlobalSection
	GlobalSection(SolutionProperties) = preSolution
		HideSolutionNode = FALSE
	EndGlobalSection
	GlobalSection(ExtensibilityGlobals) = postSolution
		SolutionGuid = {47B73568-C759-40F3-BA3B-D106570C43B0}
	EndGlobalSection
EndGlobal
